Microsoft Visual Studio Solution File, Format Version 12.00
# Visual Studio Version 17
VisualStudioVersion = 17.0.31903.59
MinimumVisualStudioVersion = 10.0.40219.1
Project("{FAE04EC0-301F-11D3-BF4B-00C04F79EFBC}") = "GrpcClient", "GrpcClient\GrpcClient.csproj", "{755089DC-422E-42F9-9542-1F2AD8E07877}"
EndProject
Project("{FAE04EC0-301F-11D3-BF4B-00C04F79EFBC}") = "GrpcServer", "GrpcServer\GrpcServer.csproj", "{16F69394-9825-413D-AF8B-4556EB7AAF56}"
EndProject
Project("{FAE04EC0-301F-11D3-BF4B-00C04F79EFBC}") = "GrpcServer.Tests", "GrpcServer.Tests\GrpcServer.Tests.csproj", "{NEW-GUID-HERE}"
EndProject
Global
	GlobalSection(SolutionConfigurationPlatforms) = preSolution
		Debug|Any CPU = Debug|Any CPU
		Debug|x64 = Debug|x64
		Debug|x86 = Debug|x86
		Release|Any CPU = Release|Any CPU
		Release|x64 = Release|x64
		Release|x86 = Release|x86
	EndGlobalSection
	GlobalSection(ProjectConfigurationPlatforms) = postSolution
		{755089DC-422E-42F9-9542-1F2AD8E07877}.Debug|Any CPU.ActiveCfg = Debug|Any CPU
		{755089DC-422E-42F9-9542-1F2AD8E07877}.Debug|Any CPU.Build.0 = Debug|Any CPU
		{755089DC-422E-42F9-9542-1F2AD8E07877}.Debug|x64.ActiveCfg = Debug|Any CPU
		{755089DC-422E-42F9-9542-1F2AD8E07877}.Debug|x64.Build.0 = Debug|Any CPU
		{755089DC-422E-42F9-9542-1F2AD8E07877}.Debug|x86.ActiveCfg = Debug|Any CPU
		{755089DC-422E-42F9-9542-1F2AD8E07877}.Debug|x86.Build.0 = Debug|Any CPU
		{755089DC-422E-42F9-9542-1F2AD8E07877}.Release|Any CPU.ActiveCfg = Release|Any CPU
		{755089DC-422E-42F9-9542-1F2AD8E07877}.Release|Any CPU.Build.0 = Release|Any CPU
		{755089DC-422E-42F9-9542-1F2AD8E07877}.Release|x64.ActiveCfg = Release|Any CPU
		{755089DC-422E-42F9-9542-1F2AD8E07877}.Release|x64.Build.0 = Release|Any CPU
		{755089DC-422E-42F9-9542-1F2AD8E07877}.Release|x86.ActiveCfg = Release|Any CPU
		{755089DC-422E-42F9-9542-1F2AD8E07877}.Release|x86.Build.0 = Release|Any CPU
		{16F69394-9825-413D-AF8B-4556EB7AAF56}.Debug|Any CPU.ActiveCfg = Debug|Any CPU
		{16F69394-9825-413D-AF8B-4556EB7AAF56}.Debug|Any CPU.Build.0 = Debug|Any CPU
		{16F69394-9825-413D-AF8B-4556EB7AAF56}.Debug|x64.ActiveCfg = Debug|Any CPU
		{16F69394-9825-413D-AF8B-4556EB7AAF56}.Debug|x64.Build.0 = Debug|Any CPU
		{16F69394-9825-413D-AF8B-4556EB7AAF56}.Debug|x86.ActiveCfg = Debug|Any CPU
		{16F69394-9825-413D-AF8B-4556EB7AAF56}.Debug|x86.Build.0 = Debug|Any CPU
		{16F69394-9825-413D-AF8B-4556EB7AAF56}.Release|Any CPU.ActiveCfg = Release|Any CPU
		{16F69394-9825-413D-AF8B-4556EB7AAF56}.Release|Any CPU.Build.0 = Release|Any CPU
		{16F69394-9825-413D-AF8B-4556EB7AAF56}.Release|x64.ActiveCfg = Release|Any CPU
		{16F69394-9825-413D-AF8B-4556EB7AAF56}.Release|x64.Build.0 = Release|Any CPU
		{16F69394-9825-413D-AF8B-4556EB7AAF56}.Release|x86.ActiveCfg = Release|Any CPU
		{16F69394-9825-413D-AF8B-4556EB7AAF56}.Release|x86.Build.0 = Release|Any CPU
	EndGlobalSection
	GlobalSection(SolutionProperties) = preSolution
		HideSolutionNode = FALSE
	EndGlobalSection
EndGlobal
